
Microsoft Visual Studio Solution File, Format Version 12.00
# Visual Studio 15
Project("{FAE04EC0-301F-11D3-BF4B-00C04F79EFBC}") = "Maze-Runner-Throw", "Maze-Runner-Throw.csproj", "{2B6F020F-4A90-A08D-4F7F-E81197A8759A}"
EndProject
Project("{FAE04EC0-301F-11D3-BF4B-00C04F79EFBC}") = "Maze-Runner-Throw.Editor", "Maze-Runner-Throw.Editor.csproj", "{0209864B-6D32-4D48-92ED-6D2F8C60DB2D}"
EndProject
Global
	GlobalSection(SolutionConfigurationPlatforms) = preSolution
		Debug|Any CPU = Debug|Any CPU
		Release|Any CPU = Release|Any CPU
	EndGlobalSection
	GlobalSection(ProjectConfigurationPlatforms) = postSolution
		{2B6F020F-4A90-A08D-4F7F-E81197A8759A}.Debug|Any CPU.ActiveCfg = Debug|Any CPU
		{2B6F020F-4A90-A08D-4F7F-E81197A8759A}.Debug|Any CPU.Build.0 = Debug|Any CPU
		{2B6F020F-4A90-A08D-4F7F-E81197A8759A}.Release|Any CPU.ActiveCfg = Release|Any CPU
		{2B6F020F-4A90-A08D-4F7F-E81197A8759A}.Release|Any CPU.Build.0 = Release|Any CPU
		{0209864B-6D32-4D48-92ED-6D2F8C60DB2D}.Debug|Any CPU.ActiveCfg = Debug|Any CPU
		{0209864B-6D32-4D48-92ED-6D2F8C60DB2D}.Debug|Any CPU.Build.0 = Debug|Any CPU
		{0209864B-6D32-4D48-92ED-6D2F8C60DB2D}.Release|Any CPU.ActiveCfg = Release|Any CPU
		{0209864B-6D32-4D48-92ED-6D2F8C60DB2D}.Release|Any CPU.Build.0 = Release|Any CPU
	EndGlobalSection
	GlobalSection(SolutionProperties) = preSolution
		HideSolutionNode = FALSE
	EndGlobalSection
EndGlobal
